// !$*UTF8*$!
{
	archiveVersion = 1;
	classes = {
	};
	objectVersion = 55;
	objects = {

/* Begin PBXBuildFile section */
		D43478C627CACCE30068E051 /* LandmarkDetail.swift in Sources */ = {isa = PBXBuildFile; fileRef = D43478C527CACCE30068E051 /* LandmarkDetail.swift */; };
		D43BEF5D27C95E0F0099ED34 /* LandmarksApp.swift in Sources */ = {isa = PBXBuildFile; fileRef = D43BEF5C27C95E0F0099ED34 /* LandmarksApp.swift */; };
		D43BEF5F27C95E0F0099ED34 /* ContentView.swift in Sources */ = {isa = PBXBuildFile; fileRef = D43BEF5E27C95E0F0099ED34 /* ContentView.swift */; };
		D43BEF6127C95E110099ED34 /* Assets.xcassets in Resources */ = {isa = PBXBuildFile; fileRef = D43BEF6027C95E110099ED34 /* Assets.xcassets */; };
		D43BEF6427C95E110099ED34 /* Preview Assets.xcassets in Resources */ = {isa = PBXBuildFile; fileRef = D43BEF6327C95E110099ED34 /* Preview Assets.xcassets */; };
		D43BEF6E27C95E110099ED34 /* LandmarksTests.swift in Sources */ = {isa = PBXBuildFile; fileRef = D43BEF6D27C95E110099ED34 /* LandmarksTests.swift */; };
		D43BEF7827C95E110099ED34 /* LandmarksUITests.swift in Sources */ = {isa = PBXBuildFile; fileRef = D43BEF7727C95E110099ED34 /* LandmarksUITests.swift */; };
		D43BEF7A27C95E110099ED34 /* LandmarksUITestsLaunchTests.swift in Sources */ = {isa = PBXBuildFile; fileRef = D43BEF7927C95E110099ED34 /* LandmarksUITestsLaunchTests.swift */; };
		D43BEF8B27C9E28F0099ED34 /* CircleImage.swift in Sources */ = {isa = PBXBuildFile; fileRef = D43BEF8A27C9E28F0099ED34 /* CircleImage.swift */; };
		D43BEF8D27C9E6A20099ED34 /* MapView.swift in Sources */ = {isa = PBXBuildFile; fileRef = D43BEF8C27C9E6A20099ED34 /* MapView.swift */; };
		D46109E227CA0B5000D392D2 /* Landmark.swift in Sources */ = {isa = PBXBuildFile; fileRef = D46109E127CA0B5000D392D2 /* Landmark.swift */; };
		D46109E427CA0D2000D392D2 /* landmarkData.json in Resources */ = {isa = PBXBuildFile; fileRef = D46109E327CA0D2000D392D2 /* landmarkData.json */; };
		D46109E627CA10B900D392D2 /* ModelData.swift in Sources */ = {isa = PBXBuildFile; fileRef = D46109E527CA10B900D392D2 /* ModelData.swift */; };
		D46109EB27CA1AD300D392D2 /* LandmarkRow.swift in Sources */ = {isa = PBXBuildFile; fileRef = D46109EA27CA1AD300D392D2 /* LandmarkRow.swift */; };
		D46109ED27CA247F00D392D2 /* LandmarkList.swift in Sources */ = {isa = PBXBuildFile; fileRef = D46109EC27CA247F00D392D2 /* LandmarkList.swift */; };
/* End PBXBuildFile section */

/* Begin PBXContainerItemProxy section */
		D43BEF6A27C95E110099ED34 /* PBXContainerItemProxy */ = {
			isa = PBXContainerItemProxy;
			containerPortal = D43BEF5127C95E0F0099ED34 /* Project object */;
			proxyType = 1;
			remoteGlobalIDString = D43BEF5827C95E0F0099ED34;
			remoteInfo = Landmarks;
		};
		D43BEF7427C95E110099ED34 /* PBXContainerItemProxy */ = {
			isa = PBXContainerItemProxy;
			containerPortal = D43BEF5127C95E0F0099ED34 /* Project object */;
			proxyType = 1;
			remoteGlobalIDString = D43BEF5827C95E0F0099ED34;
			remoteInfo = Landmarks;
		};
/* End PBXContainerItemProxy section */

/* Begin PBXFileReference section */
		D43478C527CACCE30068E051 /* LandmarkDetail.swift */ = {isa = PBXFileReference; lastKnownFileType = sourcecode.swift; path = LandmarkDetail.swift; sourceTree = "<group>"; };
		D43BEF5927C95E0F0099ED34 /* Landmarks.app */ = {isa = PBXFileReference; explicitFileType = wrapper.application; includeInIndex = 0; path = Landmarks.app; sourceTree = BUILT_PRODUCTS_DIR; };
		D43BEF5C27C95E0F0099ED34 /* LandmarksApp.swift */ = {isa = PBXFileReference; lastKnownFileType = sourcecode.swift; path = LandmarksApp.swift; sourceTree = "<group>"; };
		D43BEF5E27C95E0F0099ED34 /* ContentView.swift */ = {isa = PBXFileReference; lastKnownFileType = sourcecode.swift; path = ContentView.swift; sourceTree = "<group>"; };
		D43BEF6027C95E110099ED34 /* Assets.xcassets */ = {isa = PBXFileReference; lastKnownFileType = folder.assetcatalog; path = Assets.xcassets; sourceTree = "<group>"; };
		D43BEF6327C95E110099ED34 /* Preview Assets.xcassets */ = {isa = PBXFileReference; lastKnownFileType = folder.assetcatalog; path = "Preview Assets.xcassets"; sourceTree = "<group>"; };
		D43BEF6927C95E110099ED34 /* LandmarksTests.xctest */ = {isa = PBXFileReference; explicitFileType = wrapper.cfbundle; includeInIndex = 0; path = LandmarksTests.xctest; sourceTree = BUILT_PRODUCTS_DIR; };
		D43BEF6D27C95E110099ED34 /* LandmarksTests.swift */ = {isa = PBXFileReference; lastKnownFileType = sourcecode.swift; path = LandmarksTests.swift; sourceTree = "<group>"; };
		D43BEF7327C95E110099ED34 /* LandmarksUITests.xctest */ = {isa = PBXFileReference; explicitFileType = wrapper.cfbundle; includeInIndex = 0; path = LandmarksUITests.xctest; sourceTree = BUILT_PRODUCTS_DIR; };
		D43BEF7727C95E110099ED34 /* LandmarksUITests.swift */ = {isa = PBXFileReference; lastKnownFileType = sourcecode.swift; path = LandmarksUITests.swift; sourceTree = "<group>"; };
		D43BEF7927C95E110099ED34 /* LandmarksUITestsLaunchTests.swift */ = {isa = PBXFileReference; lastKnownFileType = sourcecode.swift; path = LandmarksUITestsLaunchTests.swift; sourceTree = "<group>"; };
		D43BEF8A27C9E28F0099ED34 /* CircleImage.swift */ = {isa = PBXFileReference; lastKnownFileType = sourcecode.swift; path = CircleImage.swift; sourceTree = "<group>"; };
		D43BEF8C27C9E6A20099ED34 /* MapView.swift */ = {isa = PBXFileReference; lastKnownFileType = sourcecode.swift; path = MapView.swift; sourceTree = "<group>"; };
		D46109E127CA0B5000D392D2 /* Landmark.swift */ = {isa = PBXFileReference; lastKnownFileType = sourcecode.swift; path = Landmark.swift; sourceTree = "<group>"; };
		D46109E327CA0D2000D392D2 /* landmarkData.json */ = {isa = PBXFileReference; fileEncoding = 4; lastKnownFileType = text.json; path = landmarkData.json; sourceTree = "<group>"; };
		D46109E527CA10B900D392D2 /* ModelData.swift */ = {isa = PBXFileReference; lastKnownFileType = sourcecode.swift; path = ModelData.swift; sourceTree = "<group>"; };
		D46109EA27CA1AD300D392D2 /* LandmarkRow.swift */ = {isa = PBXFileReference; lastKnownFileType = sourcecode.swift; path = LandmarkRow.swift; sourceTree = "<group>"; };
		D46109EC27CA247F00D392D2 /* LandmarkList.swift */ = {isa = PBXFileReference; lastKnownFileType = sourcecode.swift; path = LandmarkList.swift; sourceTree = "<group>"; };
/* End PBXFileReference section */

/* Begin PBXFrameworksBuildPhase section */
		D43BEF5627C95E0F0099ED34 /* Frameworks */ = {
			isa = PBXFrameworksBuildPhase;
			buildActionMask = 2147483647;
			files = (
			);
			runOnlyForDeploymentPostprocessing = 0;
		};
		D43BEF6627C95E110099ED34 /* Frameworks */ = {
			isa = PBXFrameworksBuildPhase;
			buildActionMask = 2147483647;
			files = (
			);
			runOnlyForDeploymentPostprocessing = 0;
		};
		D43BEF7027C95E110099ED34 /* Frameworks */ = {
			isa = PBXFrameworksBuildPhase;
			buildActionMask = 2147483647;
			files = (
			);
			runOnlyForDeploymentPostprocessing = 0;
		};
/* End PBXFrameworksBuildPhase section */

/* Begin PBXGroup section */
		D43BEF5027C95E0F0099ED34 = {
			isa = PBXGroup;
			children = (
				D43BEF5B27C95E0F0099ED34 /* Landmarks */,
				D43BEF6C27C95E110099ED34 /* LandmarksTests */,
				D43BEF7627C95E110099ED34 /* LandmarksUITests */,
				D43BEF5A27C95E0F0099ED34 /* Products */,
			);
			sourceTree = "<group>";
		};
		D43BEF5A27C95E0F0099ED34 /* Products */ = {
			isa = PBXGroup;
			children = (
				D43BEF5927C95E0F0099ED34 /* Landmarks.app */,
				D43BEF6927C95E110099ED34 /* LandmarksTests.xctest */,
				D43BEF7327C95E110099ED34 /* LandmarksUITests.xctest */,
			);
			name = Products;
			sourceTree = "<group>";
		};
		D43BEF5B27C95E0F0099ED34 /* Landmarks */ = {
			isa = PBXGroup;
			children = (
				D43BEF5C27C95E0F0099ED34 /* LandmarksApp.swift */,
				D46109E727CA120600D392D2 /* VIews */,
				D46109E827CA122400D392D2 /* Model */,
				D46109E927CA124700D392D2 /* Resources */,
				D43BEF6027C95E110099ED34 /* Assets.xcassets */,
				D43BEF6227C95E110099ED34 /* Preview Content */,
			);
			path = Landmarks;
			sourceTree = "<group>";
		};
		D43BEF6227C95E110099ED34 /* Preview Content */ = {
			isa = PBXGroup;
			children = (
				D43BEF6327C95E110099ED34 /* Preview Assets.xcassets */,
			);
			path = "Preview Content";
			sourceTree = "<group>";
		};
		D43BEF6C27C95E110099ED34 /* LandmarksTests */ = {
			isa = PBXGroup;
			children = (
				D43BEF6D27C95E110099ED34 /* LandmarksTests.swift */,
			);
			path = LandmarksTests;
			sourceTree = "<group>";
		};
		D43BEF7627C95E110099ED34 /* LandmarksUITests */ = {
			isa = PBXGroup;
			children = (
				D43BEF7727C95E110099ED34 /* LandmarksUITests.swift */,
				D43BEF7927C95E110099ED34 /* LandmarksUITestsLaunchTests.swift */,
			);
			path = LandmarksUITests;
			sourceTree = "<group>";
		};
		D46109E727CA120600D392D2 /* VIews */ = {
			isa = PBXGroup;
			children = (
				D43BEF8C27C9E6A20099ED34 /* MapView.swift */,
				D43BEF5E27C95E0F0099ED34 /* ContentView.swift */,
				D43BEF8A27C9E28F0099ED34 /* CircleImage.swift */,
				D46109EA27CA1AD300D392D2 /* LandmarkRow.swift */,
				D46109EC27CA247F00D392D2 /* LandmarkList.swift */,
				D43478C527CACCE30068E051 /* LandmarkDetail.swift */,
			);
			path = VIews;
			sourceTree = "<group>";
		};
		D46109E827CA122400D392D2 /* Model */ = {
			isa = PBXGroup;
			children = (
				D46109E127CA0B5000D392D2 /* Landmark.swift */,
				D46109E527CA10B900D392D2 /* ModelData.swift */,
			);
			path = Model;
			sourceTree = "<group>";
		};
		D46109E927CA124700D392D2 /* Resources */ = {
			isa = PBXGroup;
			children = (
				D46109E327CA0D2000D392D2 /* landmarkData.json */,
			);
			path = Resources;
			sourceTree = "<group>";
		};
/* End PBXGroup section */

/* Begin PBXNativeTarget section */
		D43BEF5827C95E0F0099ED34 /* Landmarks */ = {
			isa = PBXNativeTarget;
			buildConfigurationList = D43BEF7D27C95E110099ED34 /* Build configuration list for PBXNativeTarget "Landmarks" */;
			buildPhases = (
				D43BEF5527C95E0F0099ED34 /* Sources */,
				D43BEF5627C95E0F0099ED34 /* Frameworks */,
				D43BEF5727C95E0F0099ED34 /* Resources */,
			);
			buildRules = (
			);
			dependencies = (
			);
			name = Landmarks;
			productName = Landmarks;
			productReference = D43BEF5927C95E0F0099ED34 /* Landmarks.app */;
			productType = "com.apple.product-type.application";
		};
		D43BEF6827C95E110099ED34 /* LandmarksTests */ = {
			isa = PBXNativeTarget;
			buildConfigurationList = D43BEF8027C95E110099ED34 /* Build configuration list for PBXNativeTarget "LandmarksTests" */;
			buildPhases = (
				D43BEF6527C95E110099ED34 /* Sources */,
				D43BEF6627C95E110099ED34 /* Frameworks */,
				D43BEF6727C95E110099ED34 /* Resources */,
			);
			buildRules = (
			);
			dependencies = (
				D43BEF6B27C95E110099ED34 /* PBXTargetDependency */,
			);
			name = LandmarksTests;
			productName = LandmarksTests;
			productReference = D43BEF6927C95E110099ED34 /* LandmarksTests.xctest */;
			productType = "com.apple.product-type.bundle.unit-test";
		};
		D43BEF7227C95E110099ED34 /* LandmarksUITests */ = {
			isa = PBXNativeTarget;
			buildConfigurationList = D43BEF8327C95E110099ED34 /* Build configuration list for PBXNativeTarget "LandmarksUITests" */;
			buildPhases = (
				D43BEF6F27C95E110099ED34 /* Sources */,
				D43BEF7027C95E110099ED34 /* Frameworks */,
				D43BEF7127C95E110099ED34 /* Resources */,
			);
			buildRules = (
			);
			dependencies = (
				D43BEF7527C95E110099ED34 /* PBXTargetDependency */,
			);
			name = LandmarksUITests;
			productName = LandmarksUITests;
			productReference = D43BEF7327C95E110099ED34 /* LandmarksUITests.xctest */;
			productType = "com.apple.product-type.bundle.ui-testing";
		};
/* End PBXNativeTarget section */

/* Begin PBXProject section */
		D43BEF5127C95E0F0099ED34 /* Project object */ = {
			isa = PBXProject;
			attributes = {
				BuildIndependentTargetsInParallel = 1;
				LastSwiftUpdateCheck = 1320;
				LastUpgradeCheck = 1320;
				TargetAttributes = {
					D43BEF5827C95E0F0099ED34 = {
						CreatedOnToolsVersion = 13.2.1;
					};
					D43BEF6827C95E110099ED34 = {
						CreatedOnToolsVersion = 13.2.1;
						TestTargetID = D43BEF5827C95E0F0099ED34;
					};
					D43BEF7227C95E110099ED34 = {
						CreatedOnToolsVersion = 13.2.1;
						TestTargetID = D43BEF5827C95E0F0099ED34;
					};
				};
			};
			buildConfigurationList = D43BEF5427C95E0F0099ED34 /* Build configuration list for PBXProject "Landmarks" */;
			compatibilityVersion = "Xcode 13.0";
			developmentRegion = en;
			hasScannedForEncodings = 0;
			knownRegions = (
				en,
				Base,
			);
			mainGroup = D43BEF5027C95E0F0099ED34;
			productRefGroup = D43BEF5A27C95E0F0099ED34 /* Products */;
			projectDirPath = "";
			projectRoot = "";
			targets = (
				D43BEF5827C95E0F0099ED34 /* Landmarks */,
				D43BEF6827C95E110099ED34 /* LandmarksTests */,
				D43BEF7227C95E110099ED34 /* LandmarksUITests */,
			);
		};
/* End PBXProject section */

/* Begin PBXResourcesBuildPhase section */
		D43BEF5727C95E0F0099ED34 /* Resources */ = {
			isa = PBXResourcesBuildPhase;
			buildActionMask = 2147483647;
			files = (
				D43BEF6427C95E110099ED34 /* Preview Assets.xcassets in Resources */,
				D43BEF6127C95E110099ED34 /* Assets.xcassets in Resources */,
				D46109E427CA0D2000D392D2 /* landmarkData.json in Resources */,
			);
			runOnlyForDeploymentPostprocessing = 0;
		};
		D43BEF6727C95E110099ED34 /* Resources */ = {
			isa = PBXResourcesBuildPhase;
			buildActionMask = 2147483647;
			files = (
			);
			runOnlyForDeploymentPostprocessing = 0;
		};
		D43BEF7127C95E110099ED34 /* Resources */ = {
			isa = PBXResourcesBuildPhase;
			buildActionMask = 2147483647;
			files = (
			);
			runOnlyForDeploymentPostprocessing = 0;
		};
/* End PBXResourcesBuildPhase section */

/* Begin PBXSourcesBuildPhase section */
		D43BEF5527C95E0F0099ED34 /* Sources */ = {
			isa = PBXSourcesBuildPhase;
			buildActionMask = 2147483647;
			files = (
				D43BEF5F27C95E0F0099ED34 /* ContentView.swift in Sources */,
				D43BEF8D27C9E6A20099ED34 /* MapView.swift in Sources */,
				D43BEF5D27C95E0F0099ED34 /* LandmarksApp.swift in Sources */,
				D46109ED27CA247F00D392D2 /* LandmarkList.swift in Sources */,
				D43478C627CACCE30068E051 /* LandmarkDetail.swift in Sources */,
				D43BEF8B27C9E28F0099ED34 /* CircleImage.swift in Sources */,
				D46109E227CA0B5000D392D2 /* Landmark.swift in Sources */,
				D46109EB27CA1AD300D392D2 /* LandmarkRow.swift in Sources */,
				D46109E627CA10B900D392D2 /* ModelData.swift in Sources */,
			);
			runOnlyForDeploymentPostprocessing = 0;
		};
		D43BEF6527C95E110099ED34 /* Sources */ = {
			isa = PBXSourcesBuildPhase;
			buildActionMask = 2147483647;
			files = (
				D43BEF6E27C95E110099ED34 /* LandmarksTests.swift in Sources */,
			);
			runOnlyForDeploymentPostprocessing = 0;
		};
		D43BEF6F27C95E110099ED34 /* Sources */ = {
			isa = PBXSourcesBuildPhase;
			buildActionMask = 2147483647;
			files = (
				D43BEF7A27C95E110099ED34 /* LandmarksUITestsLaunchTests.swift in Sources */,
				D43BEF7827C95E110099ED34 /* LandmarksUITests.swift in Sources */,
			);
			runOnlyForDeploymentPostprocessing = 0;
		};
/* End PBXSourcesBuildPhase section */

/* Begin PBXTargetDependency section */
		D43BEF6B27C95E110099ED34 /* PBXTargetDependency */ = {
			isa = PBXTargetDependency;
			target = D43BEF5827C95E0F0099ED34 /* Landmarks */;
			targetProxy = D43BEF6A27C95E110099ED34 /* PBXContainerItemProxy */;
		};
		D43BEF7527C95E110099ED34 /* PBXTargetDependency */ = {
			isa = PBXTargetDependency;
			target = D43BEF5827C95E0F0099ED34 /* Landmarks */;
			targetProxy = D43BEF7427C95E110099ED34 /* PBXContainerItemProxy */;
		};
/* End PBXTargetDependency section */

/* Begin XCBuildConfiguration section */
		D43BEF7B27C95E110099ED34 /* Debug */ = {
			isa = XCBuildConfiguration;
			buildSettings = {
				ALWAYS_SEARCH_USER_PATHS = NO;
				CLANG_ANALYZER_NONNULL = YES;
				CLANG_ANALYZER_NUMBER_OBJECT_CONVERSION = YES_AGGRESSIVE;
				CLANG_CXX_LANGUAGE_STANDARD = "gnu++17";
				CLANG_CXX_LIBRARY = "libc++";
				CLANG_ENABLE_MODULES = YES;
				CLANG_ENABLE_OBJC_ARC = YES;
				CLANG_ENABLE_OBJC_WEAK = YES;
				CLANG_WARN_BLOCK_CAPTURE_AUTORELEASING = YES;
				CLANG_WARN_BOOL_CONVERSION = YES;
				CLANG_WARN_COMMA = YES;
				CLANG_WARN_CONSTANT_CONVERSION = YES;
				CLANG_WARN_DEPRECATED_OBJC_IMPLEMENTATIONS = YES;
				CLANG_WARN_DIRECT_OBJC_ISA_USAGE = YES_ERROR;
				CLANG_WARN_DOCUMENTATION_COMMENTS = YES;
				CLANG_WARN_EMPTY_BODY = YES;
				CLANG_WARN_ENUM_CONVERSION = YES;
				CLANG_WARN_INFINITE_RECURSION = YES;
				CLANG_WARN_INT_CONVERSION = YES;
				CLANG_WARN_NON_LITERAL_NULL_CONVERSION = YES;
				CLANG_WARN_OBJC_IMPLICIT_RETAIN_SELF = YES;
				CLANG_WARN_OBJC_LITERAL_CONVERSION = YES;
				CLANG_WARN_OBJC_ROOT_CLASS = YES_ERROR;
				CLANG_WARN_QUOTED_INCLUDE_IN_FRAMEWORK_HEADER = YES;
				CLANG_WARN_RANGE_LOOP_ANALYSIS = YES;
				CLANG_WARN_STRICT_PROTOTYPES = YES;
				CLANG_WARN_SUSPICIOUS_MOVE = YES;
				CLANG_WARN_UNGUARDED_AVAILABILITY = YES_AGGRESSIVE;
				CLANG_WARN_UNREACHABLE_CODE = YES;
				CLANG_WARN__DUPLICATE_METHOD_MATCH = YES;
				COPY_PHASE_STRIP = NO;
				DEBUG_INFORMATION_FORMAT = dwarf;
				ENABLE_STRICT_OBJC_MSGSEND = YES;
				ENABLE_TESTABILITY = YES;
				GCC_C_LANGUAGE_STANDARD = gnu11;
				GCC_DYNAMIC_NO_PIC = NO;
				GCC_NO_COMMON_BLOCKS = YES;
				GCC_OPTIMIZATION_LEVEL = 0;
				GCC_PREPROCESSOR_DEFINITIONS = (
					"DEBUG=1",
					"$(inherited)",
				);
				GCC_WARN_64_TO_32_BIT_CONVERSION = YES;
				GCC_WARN_ABOUT_RETURN_TYPE = YES_ERROR;
				GCC_WARN_UNDECLARED_SELECTOR = YES;
				GCC_WARN_UNINITIALIZED_AUTOS = YES_AGGRESSIVE;
				GCC_WARN_UNUSED_FUNCTION = YES;
				GCC_WARN_UNUSED_VARIABLE = YES;
				IPHONEOS_DEPLOYMENT_TARGET = 15.2;
				MTL_ENABLE_DEBUG_INFO = INCLUDE_SOURCE;
				MTL_FAST_MATH = YES;
				ONLY_ACTIVE_ARCH = YES;
				SDKROOT = iphoneos;
				SWIFT_ACTIVE_COMPILATION_CONDITIONS = DEBUG;
				SWIFT_OPTIMIZATION_LEVEL = "-Onone";
			};
			name = Debug;
		};
		D43BEF7C27C95E110099ED34 /* Release */ = {
			isa = XCBuildConfiguration;
			buildSettings = {
				ALWAYS_SEARCH_USER_PATHS = NO;
				CLANG_ANALYZER_NONNULL = YES;
				CLANG_ANALYZER_NUMBER_OBJECT_CONVERSION = YES_AGGRESSIVE;
				CLANG_CXX_LANGUAGE_STANDARD = "gnu++17";
				CLANG_CXX_LIBRARY = "libc++";
				CLANG_ENABLE_MODULES = YES;
				CLANG_ENABLE_OBJC_ARC = YES;
				CLANG_ENABLE_OBJC_WEAK = YES;
				CLANG_WARN_BLOCK_CAPTURE_AUTORELEASING = YES;
				CLANG_WARN_BOOL_CONVERSION = YES;
				CLANG_WARN_COMMA = YES;
				CLANG_WARN_CONSTANT_CONVERSION = YES;
				CLANG_WARN_DEPRECATED_OBJC_IMPLEMENTATIONS = YES;
				CLANG_WARN_DIRECT_OBJC_ISA_USAGE = YES_ERROR;
				CLANG_WARN_DOCUMENTATION_COMMENTS = YES;
				CLANG_WARN_EMPTY_BODY = YES;
				CLANG_WARN_ENUM_CONVERSION = YES;
				CLANG_WARN_INFINITE_RECURSION = YES;
				CLANG_WARN_INT_CONVERSION = YES;
				CLANG_WARN_NON_LITERAL_NULL_CONVERSION = YES;
				CLANG_WARN_OBJC_IMPLICIT_RETAIN_SELF = YES;
				CLANG_WARN_OBJC_LITERAL_CONVERSION = YES;
				CLANG_WARN_OBJC_ROOT_CLASS = YES_ERROR;
				CLANG_WARN_QUOTED_INCLUDE_IN_FRAMEWORK_HEADER = YES;
				CLANG_WARN_RANGE_LOOP_ANALYSIS = YES;
				CLANG_WARN_STRICT_PROTOTYPES = YES;
				CLANG_WARN_SUSPICIOUS_MOVE = YES;
				CLANG_WARN_UNGUARDED_AVAILABILITY = YES_AGGRESSIVE;
				CLANG_WARN_UNREACHABLE_CODE = YES;
				CLANG_WARN__DUPLICATE_METHOD_MATCH = YES;
				COPY_PHASE_STRIP = NO;
				DEBUG_INFORMATION_FORMAT = "dwarf-with-dsym";
				ENABLE_NS_ASSERTIONS = NO;
				ENABLE_STRICT_OBJC_MSGSEND = YES;
				GCC_C_LANGUAGE_STANDARD = gnu11;
				GCC_NO_COMMON_BLOCKS = YES;
				GCC_WARN_64_TO_32_BIT_CONVERSION = YES;
				GCC_WARN_ABOUT_RETURN_TYPE = YES_ERROR;
				GCC_WARN_UNDECLARED_SELECTOR = YES;
				GCC_WARN_UNINITIALIZED_AUTOS = YES_AGGRESSIVE;
				GCC_WARN_UNUSED_FUNCTION = YES;
				GCC_WARN_UNUSED_VARIABLE = YES;
				IPHONEOS_DEPLOYMENT_TARGET = 15.2;
				MTL_ENABLE_DEBUG_INFO = NO;
				MTL_FAST_MATH = YES;
				SDKROOT = iphoneos;
				SWIFT_COMPILATION_MODE = wholemodule;
				SWIFT_OPTIMIZATION_LEVEL = "-O";
				VALIDATE_PRODUCT = YES;
			};
			name = Release;
		};
		D43BEF7E27C95E110099ED34 /* Debug */ = {
			isa = XCBuildConfiguration;
			buildSettings = {
				ASSETCATALOG_COMPILER_APPICON_NAME = AppIcon;
				ASSETCATALOG_COMPILER_GLOBAL_ACCENT_COLOR_NAME = AccentColor;
				CODE_SIGN_STYLE = Automatic;
				CURRENT_PROJECT_VERSION = 1;
				DEVELOPMENT_ASSET_PATHS = "\"Landmarks/Preview Content\"";
				DEVELOPMENT_TEAM = XWF96MZ773;
				ENABLE_PREVIEWS = YES;
				GENERATE_INFOPLIST_FILE = YES;
				INFOPLIST_KEY_UIApplicationSceneManifest_Generation = YES;
				INFOPLIST_KEY_UIApplicationSupportsIndirectInputEvents = YES;
				INFOPLIST_KEY_UILaunchScreen_Generation = YES;
				INFOPLIST_KEY_UISupportedInterfaceOrientations_iPad = "UIInterfaceOrientationPortrait UIInterfaceOrientationPortraitUpsideDown UIInterfaceOrientationLandscapeLeft UIInterfaceOrientationLandscapeRight";
				INFOPLIST_KEY_UISupportedInterfaceOrientations_iPhone = "UIInterfaceOrientationPortrait UIInterfaceOrientationLandscapeLeft UIInterfaceOrientationLandscapeRight";
				LD_RUNPATH_SEARCH_PATHS = (
					"$(inherited)",
					"@executable_path/Frameworks",
				);
				MARKETING_VERSION = 1.0;
				PRODUCT_BUNDLE_IDENTIFIER = afterrelm.Landmarks;
				PRODUCT_NAME = "$(TARGET_NAME)";
				SWIFT_EMIT_LOC_STRINGS = YES;
				SWIFT_VERSION = 5.0;
				TARGETED_DEVICE_FAMILY = "1,2";
			};
			name = Debug;
		};
		D43BEF7F27C95E110099ED34 /* Release */ = {
			isa = XCBuildConfiguration;
			buildSettings = {
				ASSETCATALOG_COMPILER_APPICON_NAME = AppIcon;
				ASSETCATALOG_COMPILER_GLOBAL_ACCENT_COLOR_NAME = AccentColor;
				CODE_SIGN_STYLE = Automatic;
				CURRENT_PROJECT_VERSION = 1;
				DEVELOPMENT_ASSET_PATHS = "\"Landmarks/Preview Content\"";
				DEVELOPMENT_TEAM = XWF96MZ773;
				ENABLE_PREVIEWS = YES;
				GENERATE_INFOPLIST_FILE = YES;
				INFOPLIST_KEY_UIApplicationSceneManifest_Generation = YES;
				INFOPLIST_KEY_UIApplicationSupportsIndirectInputEvents = YES;
				INFOPLIST_KEY_UILaunchScreen_Generation = YES;
				INFOPLIST_KEY_UISupportedInterfaceOrientations_iPad = "UIInterfaceOrientationPortrait UIInterfaceOrientationPortraitUpsideDown UIInterfaceOrientationLandscapeLeft UIInterfaceOrientationLandscapeRight";
				INFOPLIST_KEY_UISupportedInterfaceOrientations_iPhone = "UIInterfaceOrientationPortrait UIInterfaceOrientationLandscapeLeft UIInterfaceOrientationLandscapeRight";
				LD_RUNPATH_SEARCH_PATHS = (
					"$(inherited)",
					"@executable_path/Frameworks",
				);
				MARKETING_VERSION = 1.0;
				PRODUCT_BUNDLE_IDENTIFIER = afterrelm.Landmarks;
				PRODUCT_NAME = "$(TARGET_NAME)";
				SWIFT_EMIT_LOC_STRINGS = YES;
				SWIFT_VERSION = 5.0;
				TARGETED_DEVICE_FAMILY = "1,2";
			};
			name = Release;
		};
		D43BEF8127C95E110099ED34 /* Debug */ = {
			isa = XCBuildConfiguration;
			buildSettings = {
				ALWAYS_EMBED_SWIFT_STANDARD_LIBRARIES = YES;
				BUNDLE_LOADER = "$(TEST_HOST)";
				CODE_SIGN_STYLE = Automatic;
				CURRENT_PROJECT_VERSION = 1;
				DEVELOPMENT_TEAM = XWF96MZ773;
				GENERATE_INFOPLIST_FILE = YES;
				IPHONEOS_DEPLOYMENT_TARGET = 15.2;
				MARKETING_VERSION = 1.0;
				PRODUCT_BUNDLE_IDENTIFIER = afterrelm.LandmarksTests;
				PRODUCT_NAME = "$(TARGET_NAME)";
				SWIFT_EMIT_LOC_STRINGS = NO;
				SWIFT_VERSION = 5.0;
				TARGETED_DEVICE_FAMILY = "1,2";
				TEST_HOST = "$(BUILT_PRODUCTS_DIR)/Landmarks.app/Landmarks";
			};
			name = Debug;
		};
		D43BEF8227C95E110099ED34 /* Release */ = {
			isa = XCBuildConfiguration;
			buildSettings = {
				ALWAYS_EMBED_SWIFT_STANDARD_LIBRARIES = YES;
				BUNDLE_LOADER = "$(TEST_HOST)";
				CODE_SIGN_STYLE = Automatic;
				CURRENT_PROJECT_VERSION = 1;
				DEVELOPMENT_TEAM = XWF96MZ773;
				GENERATE_INFOPLIST_FILE = YES;
				IPHONEOS_DEPLOYMENT_TARGET = 15.2;
				MARKETING_VERSION = 1.0;
				PRODUCT_BUNDLE_IDENTIFIER = afterrelm.LandmarksTests;
				PRODUCT_NAME = "$(TARGET_NAME)";
				SWIFT_EMIT_LOC_STRINGS = NO;
				SWIFT_VERSION = 5.0;
				TARGETED_DEVICE_FAMILY = "1,2";
				TEST_HOST = "$(BUILT_PRODUCTS_DIR)/Landmarks.app/Landmarks";
			};
			name = Release;
		};
		D43BEF8427C95E110099ED34 /* Debug */ = {
			isa = XCBuildConfiguration;
			buildSettings = {
				ALWAYS_EMBED_SWIFT_STANDARD_LIBRARIES = YES;
				CODE_SIGN_STYLE = Automatic;
				CURRENT_PROJECT_VERSION = 1;
				DEVELOPMENT_TEAM = XWF96MZ773;
				GENERATE_INFOPLIST_FILE = YES;
				MARKETING_VERSION = 1.0;
				PRODUCT_BUNDLE_IDENTIFIER = afterrelm.LandmarksUITests;
				PRODUCT_NAME = "$(TARGET_NAME)";
				SWIFT_EMIT_LOC_STRINGS = NO;
				SWIFT_VERSION = 5.0;
				TARGETED_DEVICE_FAMILY = "1,2";
				TEST_TARGET_NAME = Landmarks;
			};
			name = Debug;
		};
		D43BEF8527C95E110099ED34 /* Release */ = {
			isa = XCBuildConfiguration;
			buildSettings = {
				ALWAYS_EMBED_SWIFT_STANDARD_LIBRARIES = YES;
				CODE_SIGN_STYLE = Automatic;
				CURRENT_PROJECT_VERSION = 1;
				DEVELOPMENT_TEAM = XWF96MZ773;
				GENERATE_INFOPLIST_FILE = YES;
				MARKETING_VERSION = 1.0;
				PRODUCT_BUNDLE_IDENTIFIER = afterrelm.LandmarksUITests;
				PRODUCT_NAME = "$(TARGET_NAME)";
				SWIFT_EMIT_LOC_STRINGS = NO;
				SWIFT_VERSION = 5.0;
				TARGETED_DEVICE_FAMILY = "1,2";
				TEST_TARGET_NAME = Landmarks;
			};
			name = Release;
		};
/* End XCBuildConfiguration section */

/* Begin XCConfigurationList section */
		D43BEF5427C95E0F0099ED34 /* Build configuration list for PBXProject "Landmarks" */ = {
			isa = XCConfigurationList;
			buildConfigurations = (
				D43BEF7B27C95E110099ED34 /* Debug */,
				D43BEF7C27C95E110099ED34 /* Release */,
			);
			defaultConfigurationIsVisible = 0;
			defaultConfigurationName = Release;
		};
		D43BEF7D27C95E110099ED34 /* Build configuration list for PBXNativeTarget "Landmarks" */ = {
			isa = XCConfigurationList;
			buildConfigurations = (
				D43BEF7E27C95E110099ED34 /* Debug */,
				D43BEF7F27C95E110099ED34 /* Release */,
			);
			defaultConfigurationIsVisible = 0;
			defaultConfigurationName = Release;
		};
		D43BEF8027C95E110099ED34 /* Build configuration list for PBXNativeTarget "LandmarksTests" */ = {
			isa = XCConfigurationList;
			buildConfigurations = (
				D43BEF8127C95E110099ED34 /* Debug */,
				D43BEF8227C95E110099ED34 /* Release */,
			);
			defaultConfigurationIsVisible = 0;
			defaultConfigurationName = Release;
		};
		D43BEF8327C95E110099ED34 /* Build configuration list for PBXNativeTarget "LandmarksUITests" */ = {
			isa = XCConfigurationList;
			buildConfigurations = (
				D43BEF8427C95E110099ED34 /* Debug */,
				D43BEF8527C95E110099ED34 /* Release */,
			);
			defaultConfigurationIsVisible = 0;
			defaultConfigurationName = Release;
		};
/* End XCConfigurationList section */
	};
	rootObject = D43BEF5127C95E0F0099ED34 /* Project object */;
}
